// !$*UTF8*$!
{
	archiveVersion = 1;
	classes = {
	};
	objectVersion = 46;
	objects = {

/* Begin PBXBuildFile section */
		042348851F4A767B00C44CDD /* main.m in Sources */ = {isa = PBXBuildFile; fileRef = 042348841F4A767B00C44CDD /* main.m */; };
		042348881F4A767B00C44CDD /* AppDelegate.m in Sources */ = {isa = PBXBuildFile; fileRef = 042348871F4A767B00C44CDD /* AppDelegate.m */; };
		0423488B1F4A767B00C44CDD /* ViewController.m in Sources */ = {isa = PBXBuildFile; fileRef = 0423488A1F4A767B00C44CDD /* ViewController.m */; };
		0423488E1F4A767B00C44CDD /* Main.storyboard in Resources */ = {isa = PBXBuildFile; fileRef = 0423488C1F4A767B00C44CDD /* Main.storyboard */; };
		042348901F4A767B00C44CDD /* Assets.xcassets in Resources */ = {isa = PBXBuildFile; fileRef = 0423488F1F4A767B00C44CDD /* Assets.xcassets */; };
		042348931F4A767B00C44CDD /* LaunchScreen.storyboard in Resources */ = {isa = PBXBuildFile; fileRef = 042348911F4A767B00C44CDD /* LaunchScreen.storyboard */; };
		042348A71F4A843D00C44CDD /* RootTableViewController.m in Sources */ = {isa = PBXBuildFile; fileRef = 042348A61F4A843D00C44CDD /* RootTableViewController.m */; };
		042348BC1F4AE1B000C44CDD /* BaseAnimation.m in Sources */ = {isa = PBXBuildFile; fileRef = 042348BA1F4AE1B000C44CDD /* BaseAnimation.m */; };
		042348BD1F4AE1B000C44CDD /* BaseAnimation.xib in Resources */ = {isa = PBXBuildFile; fileRef = 042348BB1F4AE1B000C44CDD /* BaseAnimation.xib */; };
		042348C11F4AF78C00C44CDD /* GroupAnimation.m in Sources */ = {isa = PBXBuildFile; fileRef = 042348BF1F4AF78C00C44CDD /* GroupAnimation.m */; };
		042348C21F4AF78C00C44CDD /* GroupAnimation.xib in Resources */ = {isa = PBXBuildFile; fileRef = 042348C01F4AF78C00C44CDD /* GroupAnimation.xib */; };
		042348C61F4AFCE900C44CDD /* AdvancedAnimation.m in Sources */ = {isa = PBXBuildFile; fileRef = 042348C41F4AFCE900C44CDD /* AdvancedAnimation.m */; };
		042348C71F4AFCE900C44CDD /* AdvancedAnimation.xib in Resources */ = {isa = PBXBuildFile; fileRef = 042348C51F4AFCE900C44CDD /* AdvancedAnimation.xib */; };
/* End PBXBuildFile section */

/* Begin PBXFileReference section */
		042348801F4A767B00C44CDD /* Animation.app */ = {isa = PBXFileReference; explicitFileType = wrapper.application; includeInIndex = 0; path = Animation.app; sourceTree = BUILT_PRODUCTS_DIR; };
		042348841F4A767B00C44CDD /* main.m */ = {isa = PBXFileReference; lastKnownFileType = sourcecode.c.objc; path = main.m; sourceTree = "<group>"; };
		042348861F4A767B00C44CDD /* AppDelegate.h */ = {isa = PBXFileReference; lastKnownFileType = sourcecode.c.h; path = AppDelegate.h; sourceTree = "<group>"; };
		042348871F4A767B00C44CDD /* AppDelegate.m */ = {isa = PBXFileReference; lastKnownFileType = sourcecode.c.objc; path = AppDelegate.m; sourceTree = "<group>"; };
		042348891F4A767B00C44CDD /* ViewController.h */ = {isa = PBXFileReference; lastKnownFileType = sourcecode.c.h; path = ViewController.h; sourceTree = "<group>"; };
		0423488A1F4A767B00C44CDD /* ViewController.m */ = {isa = PBXFileReference; lastKnownFileType = sourcecode.c.objc; path = ViewController.m; sourceTree = "<group>"; };
		0423488D1F4A767B00C44CDD /* Base */ = {isa = PBXFileReference; lastKnownFileType = file.storyboard; name = Base; path = Base.lproj/Main.storyboard; sourceTree = "<group>"; };
		0423488F1F4A767B00C44CDD /* Assets.xcassets */ = {isa = PBXFileReference; lastKnownFileType = folder.assetcatalog; path = Assets.xcassets; sourceTree = "<group>"; };
		042348921F4A767B00C44CDD /* Base */ = {isa = PBXFileReference; lastKnownFileType = file.storyboard; name = Base; path = Base.lproj/LaunchScreen.storyboard; sourceTree = "<group>"; };
		042348941F4A767B00C44CDD /* Info.plist */ = {isa = PBXFileReference; lastKnownFileType = text.plist.xml; path = Info.plist; sourceTree = "<group>"; };
		042348A51F4A843D00C44CDD /* RootTableViewController.h */ = {isa = PBXFileReference; fileEncoding = 4; lastKnownFileType = sourcecode.c.h; path = RootTableViewController.h; sourceTree = "<group>"; };
		042348A61F4A843D00C44CDD /* RootTableViewController.m */ = {isa = PBXFileReference; fileEncoding = 4; lastKnownFileType = sourcecode.c.objc; path = RootTableViewController.m; sourceTree = "<group>"; };
		042348B91F4AE1B000C44CDD /* BaseAnimation.h */ = {isa = PBXFileReference; fileEncoding = 4; lastKnownFileType = sourcecode.c.h; path = BaseAnimation.h; sourceTree = "<group>"; };
		042348BA1F4AE1B000C44CDD /* BaseAnimation.m */ = {isa = PBXFileReference; fileEncoding = 4; lastKnownFileType = sourcecode.c.objc; path = BaseAnimation.m; sourceTree = "<group>"; };
		042348BB1F4AE1B000C44CDD /* BaseAnimation.xib */ = {isa = PBXFileReference; fileEncoding = 4; lastKnownFileType = file.xib; path = BaseAnimation.xib; sourceTree = "<group>"; };
		042348BE1F4AF78C00C44CDD /* GroupAnimation.h */ = {isa = PBXFileReference; fileEncoding = 4; lastKnownFileType = sourcecode.c.h; path = GroupAnimation.h; sourceTree = "<group>"; };
		042348BF1F4AF78C00C44CDD /* GroupAnimation.m */ = {isa = PBXFileReference; fileEncoding = 4; lastKnownFileType = sourcecode.c.objc; path = GroupAnimation.m; sourceTree = "<group>"; };
		042348C01F4AF78C00C44CDD /* GroupAnimation.xib */ = {isa = PBXFileReference; fileEncoding = 4; lastKnownFileType = file.xib; path = GroupAnimation.xib; sourceTree = "<group>"; };
		042348C31F4AFCE900C44CDD /* AdvancedAnimation.h */ = {isa = PBXFileReference; fileEncoding = 4; lastKnownFileType = sourcecode.c.h; path = AdvancedAnimation.h; sourceTree = "<group>"; };
		042348C41F4AFCE900C44CDD /* AdvancedAnimation.m */ = {isa = PBXFileReference; fileEncoding = 4; lastKnownFileType = sourcecode.c.objc; path = AdvancedAnimation.m; sourceTree = "<group>"; };
		042348C51F4AFCE900C44CDD /* AdvancedAnimation.xib */ = {isa = PBXFileReference; fileEncoding = 4; lastKnownFileType = file.xib; path = AdvancedAnimation.xib; sourceTree = "<group>"; };
/* End PBXFileReference section */

/* Begin PBXFrameworksBuildPhase section */
		0423487D1F4A767B00C44CDD /* Frameworks */ = {
			isa = PBXFrameworksBuildPhase;
			buildActionMask = 2147483647;
			files = (
			);
			runOnlyForDeploymentPostprocessing = 0;
		};
/* End PBXFrameworksBuildPhase section */

/* Begin PBXGroup section */
		042348771F4A767B00C44CDD = {
			isa = PBXGroup;
			children = (
				042348821F4A767B00C44CDD /* Animation */,
				042348811F4A767B00C44CDD /* Products */,
			);
			sourceTree = "<group>";
		};
		042348811F4A767B00C44CDD /* Products */ = {
			isa = PBXGroup;
			children = (
				042348801F4A767B00C44CDD /* Animation.app */,
			);
			name = Products;
			sourceTree = "<group>";
		};
		042348821F4A767B00C44CDD /* Animation */ = {
			isa = PBXGroup;
			children = (
				042348A11F4A841800C44CDD /* Source */,
				042348861F4A767B00C44CDD /* AppDelegate.h */,
				042348871F4A767B00C44CDD /* AppDelegate.m */,
				042348891F4A767B00C44CDD /* ViewController.h */,
				0423488A1F4A767B00C44CDD /* ViewController.m */,
				0423488C1F4A767B00C44CDD /* Main.storyboard */,
				0423488F1F4A767B00C44CDD /* Assets.xcassets */,
				042348911F4A767B00C44CDD /* LaunchScreen.storyboard */,
				042348941F4A767B00C44CDD /* Info.plist */,
				042348831F4A767B00C44CDD /* Supporting Files */,
			);
			path = Animation;
			sourceTree = "<group>";
		};
		042348831F4A767B00C44CDD /* Supporting Files */ = {
			isa = PBXGroup;
			children = (
				042348841F4A767B00C44CDD /* main.m */,
			);
			name = "Supporting Files";
			sourceTree = "<group>";
		};
		042348A11F4A841800C44CDD /* Source */ = {
			isa = PBXGroup;
			children = (
				042348A31F4A841800C44CDD /* M */,
				042348A41F4A841800C44CDD /* V */,
				042348A21F4A841800C44CDD /* C */,
			);
			path = Source;
			sourceTree = "<group>";
		};
		042348A21F4A841800C44CDD /* C */ = {
			isa = PBXGroup;
			children = (
				042348A51F4A843D00C44CDD /* RootTableViewController.h */,
				042348A61F4A843D00C44CDD /* RootTableViewController.m */,
				042348B91F4AE1B000C44CDD /* BaseAnimation.h */,
				042348BA1F4AE1B000C44CDD /* BaseAnimation.m */,
				042348BB1F4AE1B000C44CDD /* BaseAnimation.xib */,
				042348BE1F4AF78C00C44CDD /* GroupAnimation.h */,
				042348BF1F4AF78C00C44CDD /* GroupAnimation.m */,
				042348C01F4AF78C00C44CDD /* GroupAnimation.xib */,
				042348C31F4AFCE900C44CDD /* AdvancedAnimation.h */,
				042348C41F4AFCE900C44CDD /* AdvancedAnimation.m */,
				042348C51F4AFCE900C44CDD /* AdvancedAnimation.xib */,
			);
			path = C;
			sourceTree = "<group>";
		};
		042348A31F4A841800C44CDD /* M */ = {
			isa = PBXGroup;
			children = (
			);
			path = M;
			sourceTree = "<group>";
		};
		042348A41F4A841800C44CDD /* V */ = {
			isa = PBXGroup;
			children = (
			);
			path = V;
			sourceTree = "<group>";
		};
/* End PBXGroup section */

/* Begin PBXNativeTarget section */
		0423487F1F4A767B00C44CDD /* Animation */ = {
			isa = PBXNativeTarget;
			buildConfigurationList = 042348971F4A767B00C44CDD /* Build configuration list for PBXNativeTarget "Animation" */;
			buildPhases = (
				0423487C1F4A767B00C44CDD /* Sources */,
				0423487D1F4A767B00C44CDD /* Frameworks */,
				0423487E1F4A767B00C44CDD /* Resources */,
			);
			buildRules = (
			);
			dependencies = (
			);
			name = Animation;
			productName = Animation;
			productReference = 042348801F4A767B00C44CDD /* Animation.app */;
			productType = "com.apple.product-type.application";
		};
/* End PBXNativeTarget section */

/* Begin PBXProject section */
		042348781F4A767B00C44CDD /* Project object */ = {
			isa = PBXProject;
			attributes = {
				LastUpgradeCheck = 0830;
				ORGANIZATIONNAME = LG;
				TargetAttributes = {
					0423487F1F4A767B00C44CDD = {
						CreatedOnToolsVersion = 8.3.3;
						DevelopmentTeam = UWLCLX2CP4;
						ProvisioningStyle = Automatic;
					};
				};
			};
			buildConfigurationList = 0423487B1F4A767B00C44CDD /* Build configuration list for PBXProject "Animation" */;
			compatibilityVersion = "Xcode 3.2";
			developmentRegion = English;
			hasScannedForEncodings = 0;
			knownRegions = (
				en,
				Base,
			);
			mainGroup = 042348771F4A767B00C44CDD;
			productRefGroup = 042348811F4A767B00C44CDD /* Products */;
			projectDirPath = "";
			projectRoot = "";
			targets = (
				0423487F1F4A767B00C44CDD /* Animation */,
			);
		};
/* End PBXProject section */

/* Begin PBXResourcesBuildPhase section */
		0423487E1F4A767B00C44CDD /* Resources */ = {
			isa = PBXResourcesBuildPhase;
			buildActionMask = 2147483647;
			files = (
				042348931F4A767B00C44CDD /* LaunchScreen.storyboard in Resources */,
				042348BD1F4AE1B000C44CDD /* BaseAnimation.xib in Resources */,
				042348C21F4AF78C00C44CDD /* GroupAnimation.xib in Resources */,
				042348901F4A767B00C44CDD /* Assets.xcassets in Resources */,
				042348C71F4AFCE900C44CDD /* AdvancedAnimation.xib in Resources */,
				0423488E1F4A767B00C44CDD /* Main.storyboard in Resources */,
			);
			runOnlyForDeploymentPostprocessing = 0;
		};
/* End PBXResourcesBuildPhase section */

/* Begin PBXSourcesBuildPhase section */
		0423487C1F4A767B00C44CDD /* Sources */ = {
			isa = PBXSourcesBuildPhase;
			buildActionMask = 2147483647;
			files = (
				042348C61F4AFCE900C44CDD /* AdvancedAnimation.m in Sources */,
				042348C11F4AF78C00C44CDD /* GroupAnimation.m in Sources */,
				0423488B1F4A767B00C44CDD /* ViewController.m in Sources */,
				042348881F4A767B00C44CDD /* AppDelegate.m in Sources */,
				042348BC1F4AE1B000C44CDD /* BaseAnimation.m in Sources */,
				042348851F4A767B00C44CDD /* main.m in Sources */,
				042348A71F4A843D00C44CDD /* RootTableViewController.m in Sources */,
			);
			runOnlyForDeploymentPostprocessing = 0;
		};
/* End PBXSourcesBuildPhase section */

/* Begin PBXVariantGroup section */
		0423488C1F4A767B00C44CDD /* Main.storyboard */ = {
			isa = PBXVariantGroup;
			children = (
				0423488D1F4A767B00C44CDD /* Base */,
			);
			name = Main.storyboard;
			sourceTree = "<group>";
		};
		042348911F4A767B00C44CDD /* LaunchScreen.storyboard */ = {
			isa = PBXVariantGroup;
			children = (
				042348921F4A767B00C44CDD /* Base */,
			);
			name = LaunchScreen.storyboard;
			sourceTree = "<group>";
		};
/* End PBXVariantGroup section */

/* Begin XCBuildConfiguration section */
		042348951F4A767B00C44CDD /* Debug */ = {
			isa = XCBuildConfiguration;
			buildSettings = {
				ALWAYS_SEARCH_USER_PATHS = NO;
				CLANG_ANALYZER_NONNULL = YES;
				CLANG_ANALYZER_NUMBER_OBJECT_CONVERSION = YES_AGGRESSIVE;
				CLANG_CXX_LANGUAGE_STANDARD = "gnu++0x";
				CLANG_CXX_LIBRARY = "libc++";
				CLANG_ENABLE_MODULES = YES;
				CLANG_ENABLE_OBJC_ARC = YES;
				CLANG_WARN_BOOL_CONVERSION = YES;
				CLANG_WARN_CONSTANT_CONVERSION = YES;
				CLANG_WARN_DIRECT_OBJC_ISA_USAGE = YES_ERROR;
				CLANG_WARN_DOCUMENTATION_COMMENTS = YES;
				CLANG_WARN_EMPTY_BODY = YES;
				CLANG_WARN_ENUM_CONVERSION = YES;
				CLANG_WARN_INFINITE_RECURSION = YES;
				CLANG_WARN_INT_CONVERSION = YES;
				CLANG_WARN_OBJC_ROOT_CLASS = YES_ERROR;
				CLANG_WARN_SUSPICIOUS_MOVE = YES;
				CLANG_WARN_UNREACHABLE_CODE = YES;
				CLANG_WARN__DUPLICATE_METHOD_MATCH = YES;
				"CODE_SIGN_IDENTITY[sdk=iphoneos*]" = "iPhone Developer";
				COPY_PHASE_STRIP = NO;
				DEBUG_INFORMATION_FORMAT = dwarf;
				ENABLE_STRICT_OBJC_MSGSEND = YES;
				ENABLE_TESTABILITY = YES;
				GCC_C_LANGUAGE_STANDARD = gnu99;
				GCC_DYNAMIC_NO_PIC = NO;
				GCC_NO_COMMON_BLOCKS = YES;
				GCC_OPTIMIZATION_LEVEL = 0;
				GCC_PREPROCESSOR_DEFINITIONS = (
					"DEBUG=1",
					"$(inherited)",
				);
				GCC_WARN_64_TO_32_BIT_CONVERSION = YES;
				GCC_WARN_ABOUT_RETURN_TYPE = YES_ERROR;
				GCC_WARN_UNDECLARED_SELECTOR = YES;
				GCC_WARN_UNINITIALIZED_AUTOS = YES_AGGRESSIVE;
				GCC_WARN_UNUSED_FUNCTION = YES;
				GCC_WARN_UNUSED_VARIABLE = YES;
				IPHONEOS_DEPLOYMENT_TARGET = 10.3;
				MTL_ENABLE_DEBUG_INFO = YES;
				ONLY_ACTIVE_ARCH = YES;
				SDKROOT = iphoneos;
				TARGETED_DEVICE_FAMILY = "1,2";
			};
			name = Debug;
		};
		042348961F4A767B00C44CDD /* Release */ = {
			isa = XCBuildConfiguration;
			buildSettings = {
				ALWAYS_SEARCH_USER_PATHS = NO;
				CLANG_ANALYZER_NONNULL = YES;
				CLANG_ANALYZER_NUMBER_OBJECT_CONVERSION = YES_AGGRESSIVE;
				CLANG_CXX_LANGUAGE_STANDARD = "gnu++0x";
				CLANG_CXX_LIBRARY = "libc++";
				CLANG_ENABLE_MODULES = YES;
				CLANG_ENABLE_OBJC_ARC = YES;
				CLANG_WARN_BOOL_CONVERSION = YES;
				CLANG_WARN_CONSTANT_CONVERSION = YES;
				CLANG_WARN_DIRECT_OBJC_ISA_USAGE = YES_ERROR;
				CLANG_WARN_DOCUMENTATION_COMMENTS = YES;
				CLANG_WARN_EMPTY_BODY = YES;
				CLANG_WARN_ENUM_CONVERSION = YES;
				CLANG_WARN_INFINITE_RECURSION = YES;
				CLANG_WARN_INT_CONVERSION = YES;
				CLANG_WARN_OBJC_ROOT_CLASS = YES_ERROR;
				CLANG_WARN_SUSPICIOUS_MOVE = YES;
				CLANG_WARN_UNREACHABLE_CODE = YES;
				CLANG_WARN__DUPLICATE_METHOD_MATCH = YES;
				"CODE_SIGN_IDENTITY[sdk=iphoneos*]" = "iPhone Developer";
				COPY_PHASE_STRIP = NO;
				DEBUG_INFORMATION_FORMAT = "dwarf-with-dsym";
				ENABLE_NS_ASSERTIONS = NO;
				ENABLE_STRICT_OBJC_MSGSEND = YES;
				GCC_C_LANGUAGE_STANDARD = gnu99;
				GCC_NO_COMMON_BLOCKS = YES;
				GCC_WARN_64_TO_32_BIT_CONVERSION = YES;
				GCC_WARN_ABOUT_RETURN_TYPE = YES_ERROR;
				GCC_WARN_UNDECLARED_SELECTOR = YES;
				GCC_WARN_UNINITIALIZED_AUTOS = YES_AGGRESSIVE;
				GCC_WARN_UNUSED_FUNCTION = YES;
				GCC_WARN_UNUSED_VARIABLE = YES;
				IPHONEOS_DEPLOYMENT_TARGET = 10.3;
				MTL_ENABLE_DEBUG_INFO = NO;
				SDKROOT = iphoneos;
				TARGETED_DEVICE_FAMILY = "1,2";
				VALIDATE_PRODUCT = YES;
			};
			name = Release;
		};
		042348981F4A767B00C44CDD /* Debug */ = {
			isa = XCBuildConfiguration;
			buildSettings = {
				ASSETCATALOG_COMPILER_APPICON_NAME = AppIcon;
				DEVELOPMENT_TEAM = UWLCLX2CP4;
				INFOPLIST_FILE = Animation/Info.plist;
				LD_RUNPATH_SEARCH_PATHS = "$(inherited) @executable_path/Frameworks";
				PRODUCT_BUNDLE_IDENTIFIER = Mars.Animation;
				PRODUCT_NAME = "$(TARGET_NAME)";
			};
			name = Debug;
		};
		042348991F4A767B00C44CDD /* Release */ = {
			isa = XCBuildConfiguration;
			buildSettings = {
				ASSETCATALOG_COMPILER_APPICON_NAME = AppIcon;
				DEVELOPMENT_TEAM = UWLCLX2CP4;
				INFOPLIST_FILE = Animation/Info.plist;
				LD_RUNPATH_SEARCH_PATHS = "$(inherited) @executable_path/Frameworks";
				PRODUCT_BUNDLE_IDENTIFIER = Mars.Animation;
				PRODUCT_NAME = "$(TARGET_NAME)";
			};
			name = Release;
		};
/* End XCBuildConfiguration section */

/* Begin XCConfigurationList section */
		0423487B1F4A767B00C44CDD /* Build configuration list for PBXProject "Animation" */ = {
			isa = XCConfigurationList;
			buildConfigurations = (
				042348951F4A767B00C44CDD /* Debug */,
				042348961F4A767B00C44CDD /* Release */,
			);
			defaultConfigurationIsVisible = 0;
			defaultConfigurationName = Release;
		};
		042348971F4A767B00C44CDD /* Build configuration list for PBXNativeTarget "Animation" */ = {
			isa = XCConfigurationList;
			buildConfigurations = (
				042348981F4A767B00C44CDD /* Debug */,
				042348991F4A767B00C44CDD /* Release */,
			);
			defaultConfigurationIsVisible = 0;
			defaultConfigurationName = Release;
		};
/* End XCConfigurationList section */
	};
	rootObject = 042348781F4A767B00C44CDD /* Project object */;
}
